
Microsoft Visual Studio Solution File, Format Version 12.00
# Visual Studio 15
VisualStudioVersion = 15.0.27130.2036
MinimumVisualStudioVersion = 10.0.40219.1
Project("{FAE04EC0-301F-11D3-BF4B-00C04F79EFBC}") = "Homework", "Homework\Homework.csproj", "{A41B7C03-A1D2-4B34-B35C-6AD3B6E69980}"
EndProject
Project("{FAE04EC0-301F-11D3-BF4B-00C04F79EFBC}") = "WebApplication1", "WebApplication1\WebApplication1.csproj", "{28C70FBF-7444-4D08-932F-8BEAA516D253}"
EndProject
Global
	GlobalSection(SolutionConfigurationPlatforms) = preSolution
		Debug|Any CPU = Debug|Any CPU
		Release|Any CPU = Release|Any CPU
	EndGlobalSection
	GlobalSection(ProjectConfigurationPlatforms) = postSolution
		{A41B7C03-A1D2-4B34-B35C-6AD3B6E69980}.Debug|Any CPU.ActiveCfg = Debug|Any CPU
		{A41B7C03-A1D2-4B34-B35C-6AD3B6E69980}.Debug|Any CPU.Build.0 = Debug|Any CPU
		{A41B7C03-A1D2-4B34-B35C-6AD3B6E69980}.Release|Any CPU.ActiveCfg = Release|Any CPU
		{A41B7C03-A1D2-4B34-B35C-6AD3B6E69980}.Release|Any CPU.Build.0 = Release|Any CPU
		{28C70FBF-7444-4D08-932F-8BEAA516D253}.Debug|Any CPU.ActiveCfg = Debug|Any CPU
		{28C70FBF-7444-4D08-932F-8BEAA516D253}.Debug|Any CPU.Build.0 = Debug|Any CPU
		{28C70FBF-7444-4D08-932F-8BEAA516D253}.Release|Any CPU.ActiveCfg = Release|Any CPU
		{28C70FBF-7444-4D08-932F-8BEAA516D253}.Release|Any CPU.Build.0 = Release|Any CPU
	EndGlobalSection
	GlobalSection(SolutionProperties) = preSolution
		HideSolutionNode = FALSE
	EndGlobalSection
	GlobalSection(ExtensibilityGlobals) = postSolution
		SolutionGuid = {DE2FFBA2-01A3-49B0-9F13-288258C13434}
	EndGlobalSection
EndGlobal
